[[tools.azure-kubelogin]]
version = "0.2.13"
backend = "aqua:Azure/kubelogin"
"platforms.linux-arm64" = { checksum = "sha256:e7a2beda1fd37165d2ea8dfa97e7fb31061be0a959e8ebe6bb2511883d013d35", url = "https://github.com/Azure/kubelogin/releases/download/v0.2.13/kubelogin-linux-arm64.zip"}
"platforms.linux-x64" = { checksum = "sha256:21b7cfa009b3b4044663a0f9a9ec033deddd668ca4502348f763bd93c51fb806", url = "https://github.com/Azure/kubelogin/releases/download/v0.2.13/kubelogin-linux-amd64.zip"}
"platforms.macos-arm64" = { checksum = "sha256:f4a7b40090e27491c9c173b826e13f6baae2ff506cb2fecfbac5c20f7282707c", url = "https://github.com/Azure/kubelogin/releases/download/v0.2.13/kubelogin-darwin-arm64.zip"}
"platforms.macos-x64" = { checksum = "sha256:fb28bbda4faa61a6754ebe2e1fcf94b243b2df9dd3666e0f6b79d8d92ca1dec5", url = "https://github.com/Azure/kubelogin/releases/download/v0.2.13/kubelogin-darwin-amd64.zip"}
"platforms.windows-x64" = { checksum = "sha256:34ecd4a38ad12d8612f437713ac996746eb369115c2254a5aa00b9714b931f0d", url = "https://github.com/Azure/kubelogin/releases/download/v0.2.13/kubelogin-win-amd64.zip"}

[[tools.cosign]]
version = "3.0.2"
backend = "aqua:sigstore/cosign"
"platforms.linux-arm64" = { checksum = "sha256:17fd784737ca54d7d8a343c82da6c5d6dbdee971e66644d923d1b057fb97d7ed", url = "https://github.com/sigstore/cosign/releases/download/v3.0.2/cosign-linux-arm64"}
"platforms.linux-x64" = { checksum = "sha256:46dbdcb5467a3dfec2526923d0b3365e40c8d9dc00ec23d5aca3437449e8cbfd", url = "https://github.com/sigstore/cosign/releases/download/v3.0.2/cosign-linux-amd64"}
"platforms.macos-arm64" = { checksum = "sha256:3823b044de184da21e300bc5e20dd29d3fa9243af3ba70c4a5da1712f3385d46", url = "https://github.com/sigstore/cosign/releases/download/v3.0.2/cosign-darwin-arm64"}
"platforms.macos-x64" = { checksum = "sha256:0fc2b6f16b900abdfda3153b11fc435a8cbe3830e8e820fe8ad5fe4149a5b472", url = "https://github.com/sigstore/cosign/releases/download/v3.0.2/cosign-darwin-amd64"}
"platforms.windows-x64" = { checksum = "sha256:7a137280d8686665ceb4d8565df2a0ac63f28031e014cdcae5d56891a6c8a400", url = "https://github.com/sigstore/cosign/releases/download/v3.0.2/cosign-windows-amd64.exe"}

[[tools.cosign]]
version = "2.5.0"
backend = "aqua:sigstore/cosign"
"platforms.linux-arm64" = { checksum = "sha256:080a998f9878f22dafdb9ad54d5b2e2b8e7a38c53527250f9d89a6763a28d545", url = "https://github.com/sigstore/cosign/releases/download/v2.5.0/cosign-linux-arm64"}
"platforms.linux-x64" = { checksum = "sha256:1f6c194dd0891eb345b436bb71ff9f996768355f5e0ce02dde88567029ac2188", url = "https://github.com/sigstore/cosign/releases/download/v2.5.0/cosign-linux-amd64"}
"platforms.macos-arm64" = { checksum = "sha256:780da3654d9601367b0d54686ac65cb9716578610cabe292d725c7008de4db85", url = "https://github.com/sigstore/cosign/releases/download/v2.5.0/cosign-darwin-arm64"}
"platforms.macos-x64" = { checksum = "sha256:d61cc50f6f32c2b63cb81cd8a935e5dd1be8520d639242031a1102092bee44d4", url = "https://github.com/sigstore/cosign/releases/download/v2.5.0/cosign-darwin-amd64"}
"platforms.windows-x64" = { checksum = "sha256:2345667cbcf60767c1a6f678755cbb7465367761084e9d2cbb59ae0cc1a94437", url = "https://github.com/sigstore/cosign/releases/download/v2.5.0/cosign-windows-amd64.exe"}

[[tools.docker-cli]]
version = "29.1.2"
backend = "aqua:docker/cli"
"platforms.linux-arm64" = { url = "https://download.docker.com/linux/static/stable/aarch64/docker-29.1.2.tgz"}
"platforms.linux-x64" = { url = "https://download.docker.com/linux/static/stable/x86_64/docker-29.1.2.tgz"}
"platforms.macos-arm64" = { url = "https://download.docker.com/mac/static/stable/aarch64/docker-29.1.2.tgz"}
"platforms.macos-x64" = { url = "https://download.docker.com/mac/static/stable/x86_64/docker-29.1.2.tgz"}
"platforms.windows-x64" = { url = "https://download.docker.com/win/static/stable/x86_64/docker-29.1.2.zip"}

[[tools.kustomize]]
version = "5.8.0"
backend = "aqua:kubernetes-sigs/kustomize"
"platforms.linux-arm64" = { checksum = "sha256:a4f48b4c3d4ca97d748943e19169de85a2e86e80bcc09558603e2aa66fb15ce1", url = "https://github.com/kubernetes-sigs/kustomize/releases/download/kustomize/v5.8.0/kustomize_v5.8.0_linux_arm64.tar.gz"}
"platforms.linux-x64" = { checksum = "sha256:4dfa8307358dd9284aa4d2b1d5596766a65b93433e8fa3f9f74498941f01c5ef", url = "https://github.com/kubernetes-sigs/kustomize/releases/download/kustomize/v5.8.0/kustomize_v5.8.0_linux_amd64.tar.gz"}
"platforms.macos-arm64" = { checksum = "sha256:d098f62ecda500c752303163838af823f947d245927f3000b629199c1eeeae0f", url = "https://github.com/kubernetes-sigs/kustomize/releases/download/kustomize/v5.8.0/kustomize_v5.8.0_darwin_arm64.tar.gz"}
"platforms.macos-x64" = { checksum = "sha256:2deaa6f96450c0b3204cccd9f159a22278eb6cf85ad545d212d608d2428aeb57", url = "https://github.com/kubernetes-sigs/kustomize/releases/download/kustomize/v5.8.0/kustomize_v5.8.0_darwin_amd64.tar.gz"}
"platforms.windows-x64" = { checksum = "sha256:7779999c8eb7bdbbaa55c6ecf4fadfdbe7508199ea189f06862835e7e5cb1e41", url = "https://github.com/kubernetes-sigs/kustomize/releases/download/kustomize/v5.8.0/kustomize_v5.8.0_windows_amd64.zip"}

[[tools.trivy]]
version = "0.68.1"
backend = "aqua:aquasecurity/trivy"
"platforms.linux-arm64" = { checksum = "sha256:b29ea550f573afbcae3c86fb2b5e0ebba76b7cb0965e3787c4e8cb884d2c1d57", url = "https://github.com/aquasecurity/trivy/releases/download/v0.68.1/trivy_0.68.1_Linux-ARM64.tar.gz"}
"platforms.linux-x64" = { checksum = "sha256:63e37242088e418651931f891963c19554faa19f0591fe6b40b606152051df2f", url = "https://github.com/aquasecurity/trivy/releases/download/v0.68.1/trivy_0.68.1_Linux-64bit.tar.gz"}
"platforms.macos-arm64" = { checksum = "sha256:4dd3d2e74e1b6f6f7fd5fbf55489727698f586d6a6a0cff3421031a05b80bcac", url = "https://github.com/aquasecurity/trivy/releases/download/v0.68.1/trivy_0.68.1_macOS-ARM64.tar.gz"}
"platforms.macos-x64" = { checksum = "sha256:d5b5bd3b3c3626d223c3981cc40f4709f00a6327a681b588d2fc64a3aa9d02c5", url = "https://github.com/aquasecurity/trivy/releases/download/v0.68.1/trivy_0.68.1_macOS-64bit.tar.gz"}
"platforms.windows-x64" = { checksum = "sha256:600fc65bdb486e160efeedf8fff8ef6be8e9d2e82f2ea4db82ad23263ed5f902", url = "https://github.com/aquasecurity/trivy/releases/download/v0.68.1/trivy_0.68.1_windows-64bit.zip"}
